<?xml version="1.0" encoding="UTF-8" standalone="yes"?>
<CodeBlocks_project_file>
<FileVersion major="1" minor="6" />
<Project>
<Option title="AD15N_app_mg" />
<Option compiler="pi32_lto_compiler" />
<Build>
<Target title="Release">
<Option output="app/post_build/sh55/sdk.elf" prefix_auto="0" extension_auto="0" />
<Option object_output="obj/Release/" />
<Option type="1" />
<Option compiler="pi32_lto_compiler" />
<Compiler>
<Add option="-DD_TOY_SDK=1" />
<Add option="-DD_APP_TOY=1" />
<Add option="-DMAX_F1A_CHANNEL=1" />
<Add option="-integrated-as" />
<Add option="-g" />
<Add option="-Oz" />
<Add option="-flto" />
<Add option="-fprefer-gnu-section" />
<Add option="-fms-extensions" />
<Add option="-Wno-empty-body" />
<Add option="-Wcast-align" />
<Add option="-Wundef" />
<Add option="-DFPGA=0" />
<Add option="-DCPU_SH55=1" />
<Add option="-DFLASH_CACHE_ENABLE=0" />
<Add option="-DAUDIO_ADC_EN=0" />
<Add option="-DSPEAKER_EN=0" />
<Add option="-DVO_PITCH_EN=0" />
<Add option="-DPCM_EQ_EN=0" />
<Add option="-DAUX_EN=0" />
<Add option="-DENCODER_EN=0" />
<Add option="-DDECODER_UMP3_EN=0" />
<Add option="-DDECODER_MP3_ST_EN=0" />
<Add option="-DDECODER_WAV_EN=0" />
<Add option="-DDECODER_F1A_EN=1" />
<Add option="-DDECODER_MIDI_EN=1" />
<Add option="-DDECODER_MIDI_KEYBOARD_EN=1" />
<Add option="-DDECODER_A_EN=1" />
<Add option="-DAUDIO_SPEED_EN=0" />
<Add option="-DEXT_FLASH_EN=0" />
<Add option="-DFM_EN=0" />
<Add option="-DEEPROM_EN=0" />
<Add option="-DHAS_USB_EN=0" />
<Add option="-DHAS_SDMMC_EN=1" />
<Add option="-DHAS_MIO_EN=1" />
<Add option="-DHAS_UPDATE_EN=0" />
<Add option="-DHAS_UART_UPDATE_EN=1" />
<Add option="-DECHO_EN=0" />
<Add option="-DHOWLING_EN=0" />
<Add option="-DFATFS_ENABLE=0" />
<Add option="-DSIMPLE_FATFS_ENABLE=0" />
<Add option="-DNOFLOAT" />
<Add directory="app/src" />
<Add directory="app/bsp/lib" />
<Add directory="app/bsp/start/sh54_sh55" />
<Add directory="app/bsp/cpu/sh55" />
<Add directory="app/bsp/cpu/sh55/spi" />
<Add directory="app/bsp/cpu/sh55/wdt" />
<Add directory="app/bsp/cpu/sh55/audio" />
<Add directory="include_lib" />
<Add directory="app/post_build/sh55" />
<Add directory="include_lib/common" />
<Add directory="include_lib/cpu/sh55" />
<Add directory="include_lib/cpu" />
<Add directory="include_lib/fs" />
<Add directory="include_lib/msg" />
<Add directory="include_lib/fs/sydf" />
<Add directory="include_lib/dev_mg" />
<Add directory="include_lib/audio" />
<Add directory="include_lib/sdmmc" />
<Add directory="include_lib/update" />
<Add directory="include_lib/decoder" />
<Add directory="include_lib/decoder/list" />
<Add directory="include_lib/encoder" />
<Add directory="include_lib/encoder/list" />
<Add directory="include_lib/device" />
<Add directory="include_lib/ex_mcu" />
<Add directory="app/bsp/common" />
<Add directory="app/bsp/common/fs" />
<Add directory="app/bsp/common/iic_soft" />
<Add directory="app/bsp/common/eeprom" />
<Add directory="app/bsp/common/msg" />
<Add directory="app/bsp/common/file_operate" />
<Add directory="app/bsp/common/api_mg" />
<Add directory="app/bsp/common/key" />
<Add directory="app/bsp/common/power_manage" />
<Add directory="app/bsp/common/norflash" />
<Add directory="app/bsp/common/spi_soft" />
<Add directory="app/bsp/common/reserved_area" />
<Add directory="app/bsp/modules" />
<Add directory="app/bsp/modules/timer" />
<Add directory="app/src/app_mg" />
<Add directory="include_lib/agreement" />
<Add directory="app/bsp/common/uart_update" />
<Add directory="app/src/app_mg/simple" />
<Add directory="app/src/app_mg/common/music_api" />
<Add directory="app/src/app_mg/common/app_dev" />
</Compiler>
<Linker>
<Add option="--plugin-opt=save-temps" />
<Add option="--gc-sections" />
<Add option="--start-group" />
<Add option="include_lib/liba/sh55/app_mg/cpu_lib.a" />
<Add option="include_lib/liba/sh55/app_mg/efuse_trim_value_lib.a" />
<Add option="include_lib/liba/sh55/app_mg/fs_lib.a" />
<Add option="include_lib/liba/sh55/app_mg/audio_lib.a" />
<Add option="include_lib/liba/sh55/app_mg/src_lib.a" />
<Add option="include_lib/liba/sh55/app_mg/decoder_mge_lib.a" />
<Add option="include_lib/liba/sh55/app_mg/ae_resample_lib.a" />
<Add option="include_lib/liba/sh55/app_mg/dev_mg_lib.a" />
<Add option="include_lib/liba/sh55/app_mg/malloc_lib.a" />
<Add option="include_lib/liba/sh55/app_mg/uart_update_lib.a" />
<Add option="include_lib/liba/sh55/app_mg/agreement.a" />
<Add option="include_lib/liba/ARCH/pi32_lto/lib_f1a_decode.a" />
<Add option="include_lib/liba/ARCH/pi32_lto/lib_midi_decode.a" />
<Add option="include_lib/liba/ARCH/pi32_lto/lib_a_decode.a" />
<Add option="include_lib/liba/sh55/app_mg/sdmmc_lib.a" />
<Add option="--end-group" />
<Add option="-Tapp/post_build/sh55/app.ld" />
<Add option="-M=app/post_build/sh55/app.map" />
<Add library="C:\JL\pi32\lib\libm.a" />
</Linker>
<ExtraCommands>
<Add before="$compiler $options $includes -D__LD__ -E -P app\post_build\sh55\app_mg\app_ld.c -o app\post_build\sh55\app.ld" />
<Add before="$compiler $options $includes -D__LD__ -E -P app\post_build\sh55\app_mg\download_bat.c -o app\post_build\sh55\download.bat" />
<Add before="tools\utils\fixbat.exe app\post_build\sh55\download.bat" />
<Mode before="always" />
<Add after="app\post_build\sh55\download.bat sdk" />
<Mode after="always" />
</ExtraCommands>
</Target>
</Build>
<Unit filename="app/bsp/common/decoder/decoder_api.c"><Option compilerVer="CC"/></Unit>
<Unit filename="app/bsp/common/decoder/decoder_msg_tab.c"><Option compilerVer="CC"/></Unit>
<Unit filename="app/bsp/common/decoder/decoder_point.c"><Option compilerVer="CC"/></Unit>
<Unit filename="app/bsp/common/decoder/eq.c"><Option compilerVer="CC"/></Unit>
<Unit filename="app/bsp/common/decoder/list/a_api.c"><Option compilerVer="CC"/></Unit>
<Unit filename="app/bsp/common/decoder/list/f1a_api.c"><Option compilerVer="CC"/></Unit>
<Unit filename="app/bsp/common/decoder/list/f1x_parsing.c"><Option compilerVer="CC"/></Unit>
<Unit filename="app/bsp/common/decoder/list/midi_api.c"><Option compilerVer="CC"/></Unit>
<Unit filename="app/bsp/common/decoder/list/midi_ctrl_api.c"><Option compilerVer="CC"/></Unit>
<Unit filename="app/bsp/common/decoder/list/mio_phy.c"><Option compilerVer="CC"/></Unit>
<Unit filename="app/bsp/common/decoder/mio_api.c"><Option compilerVer="CC"/></Unit>
<Unit filename="app/bsp/common/decoder/sine_play.c"><Option compilerVer="CC"/></Unit>
<Unit filename="app/bsp/common/fs/nor_fs/nor_fs_resource.c"><Option compilerVer="CC"/></Unit>
<Unit filename="app/bsp/common/fs/sydf/sydf_resource.c"><Option compilerVer="CC"/></Unit>
<Unit filename="app/bsp/common/fs/vfs.c"><Option compilerVer="CC"/></Unit>
<Unit filename="app/bsp/common/fs/vfs_resource.c"><Option compilerVer="CC"/></Unit>
<Unit filename="app/bsp/common/key/key.c"><Option compilerVer="CC"/></Unit>
<Unit filename="app/bsp/common/key/key.h" />
<Unit filename="app/bsp/common/key/key_drv_ad.c"><Option compilerVer="CC"/></Unit>
<Unit filename="app/bsp/common/key/key_drv_ad.h" />
<Unit filename="app/bsp/common/key/key_drv_io.c"><Option compilerVer="CC"/></Unit>
<Unit filename="app/bsp/common/key/key_drv_io.h" />
<Unit filename="app/bsp/common/key/key_ir.c"><Option compilerVer="CC"/></Unit>
<Unit filename="app/bsp/common/key/key_ir.h" />
<Unit filename="app/bsp/common/key/key_matrix.c"><Option compilerVer="CC"/></Unit>
<Unit filename="app/bsp/common/key/key_matrix.h" />
<Unit filename="app/bsp/common/key/key_touch.c"><Option compilerVer="CC"/></Unit>
<Unit filename="app/bsp/common/key/key_touch.h" />
<Unit filename="app/bsp/common/msg/msg.c"><Option compilerVer="CC"/></Unit>
<Unit filename="app/bsp/common/norflash/norflash.h" />
<Unit filename="app/bsp/common/power_manage/app_power_mg.c"><Option compilerVer="CC"/></Unit>
<Unit filename="app/bsp/common/power_manage/app_power_mg.h" />
<Unit filename="app/bsp/common/reserved_area/reserved_area.c"><Option compilerVer="CC"/></Unit>
<Unit filename="app/bsp/common/reserved_area/reserved_area.h" />
<Unit filename="app/bsp/common/sdk_cfg.h" />
<Unit filename="app/bsp/common/sound_effect_list/speed_api.c"><Option compilerVer="CC"/></Unit>
<Unit filename="app/bsp/common/spi_soft/spi_soft.c"><Option compilerVer="CC"/></Unit>
<Unit filename="app/bsp/common/spi_soft/spi_soft.h" />
<Unit filename="app/bsp/common/uart_update/uart_update.c"><Option compilerVer="CC"/></Unit>
<Unit filename="app/bsp/common/uart_update/uart_update.h" />
<Unit filename="app/bsp/common/vm/vm_api.c"><Option compilerVer="CC"/></Unit>
<Unit filename="app/bsp/cpu/sh55/adc_drv.c"><Option compilerVer="CC"/></Unit>
<Unit filename="app/bsp/cpu/sh55/clock.c"><Option compilerVer="CC"/></Unit>
<Unit filename="app/bsp/cpu/sh55/cpu.c"><Option compilerVer="CC"/></Unit>
<Unit filename="app/bsp/cpu/sh55/dac_cpu.c"><Option compilerVer="CC"/></Unit>
<Unit filename="app/bsp/cpu/sh55/irflt.c"><Option compilerVer="CC"/></Unit>
<Unit filename="app/bsp/cpu/sh55/irflt.h" />
<Unit filename="app/bsp/cpu/sh55/pl_cnt.c"><Option compilerVer="CC"/></Unit>
<Unit filename="app/bsp/cpu/sh55/pl_cnt.h" />
<Unit filename="app/bsp/cpu/sh55/port_init.c"><Option compilerVer="CC"/></Unit>
<Unit filename="app/bsp/cpu/sh55/port_wkup.c"><Option compilerVer="CC"/></Unit>
<Unit filename="app/bsp/cpu/sh55/port_wkup.h" />
<Unit filename="app/bsp/cpu/sh55/power_api.c"><Option compilerVer="CC"/></Unit>
<Unit filename="app/bsp/cpu/sh55/power_api.h" />
<Unit filename="app/bsp/cpu/sh55/spi1.h" />
<Unit filename="app/bsp/cpu/sh55/uart.c"><Option compilerVer="CC"/></Unit>
<Unit filename="app/bsp/cpu/sh55/uart_dev.c"><Option compilerVer="CC"/></Unit>
<Unit filename="app/bsp/cpu/sh55/uart_dev.h" />
<Unit filename="app/bsp/lib/audio.c"><Option compilerVer="CC"/></Unit>
<Unit filename="app/bsp/lib/common.c"><Option compilerVer="CC"/></Unit>
<Unit filename="app/bsp/lib/dac_api.c"><Option compilerVer="CC"/></Unit>
<Unit filename="app/bsp/lib/my_malloc.c"><Option compilerVer="CC"/></Unit>
<Unit filename="app/bsp/lib/tab_read.c"><Option compilerVer="CC"/></Unit>
<Unit filename="app/bsp/modules/soft_isr/soft_isr.c"><Option compilerVer="CC"/></Unit>
<Unit filename="app/bsp/modules/soft_isr/soft_isr.h" />
<Unit filename="app/bsp/modules/timer/tick_timer_modules.c"><Option compilerVer="CC"/></Unit>
<Unit filename="app/bsp/modules/timer/tick_timer_sys.c"><Option compilerVer="CC"/></Unit>
<Unit filename="app/bsp/start/sh54_sh55/bsp_loop.c"><Option compilerVer="CC"/></Unit>
<Unit filename="app/bsp/start/sh54_sh55/bsp_loop.h" />
<Unit filename="app/bsp/start/sh54_sh55/device_list.c"><Option compilerVer="CC"/></Unit>
<Unit filename="app/bsp/start/sh54_sh55/init.c"><Option compilerVer="CC"/></Unit>
<Unit filename="app/bsp/start/sh54_sh55/init.h" />
<Unit filename="app/bsp/start/sh54_sh55/main.c"><Option compilerVer="CC"/></Unit>
<Unit filename="app/src/app_mg/app_config.c"><Option compilerVer="CC"/></Unit>
<Unit filename="app/src/app_mg/app_config.h" />
<Unit filename="app/src/app_mg/app_mg.c"><Option compilerVer="CC"/></Unit>
<Unit filename="app/src/app_mg/app_mg.h" />
<Unit filename="app/src/app_mg/common/app_dev/app_dev_mg.c"><Option compilerVer="CC"/></Unit>
<Unit filename="app/src/app_mg/common/app_dev/app_dev_mg.h" />
<Unit filename="app/src/app_mg/common/common_msg.c"><Option compilerVer="CC"/></Unit>
<Unit filename="app/src/app_mg/common/idle_check.c"><Option compilerVer="CC"/></Unit>
<Unit filename="app/src/app_mg/common/music_api/music_api.c"><Option compilerVer="CC"/></Unit>
<Unit filename="app/src/app_mg/common/music_api/music_api.h" />
<Unit filename="app/src/app_mg/common/music_api/music_file_op/music_file_op.c"><Option compilerVer="CC"/></Unit>
<Unit filename="app/src/app_mg/common/music_api/music_file_op/music_file_op.h" />
<Unit filename="app/src/app_mg/common/music_api/music_midi_api.c"><Option compilerVer="CC"/></Unit>
<Unit filename="app/src/app_mg/common/music_api/music_midi_api.h" />
<Unit filename="app/src/app_mg/common/music_api/music_midi_ctrl_api.c"><Option compilerVer="CC"/></Unit>
<Unit filename="app/src/app_mg/common/music_api/music_midi_ctrl_api.h" />
<Unit filename="app/src/app_mg/midi/app_midi.c"><Option compilerVer="CC"/></Unit>
<Unit filename="app/src/app_mg/midi/app_midi.h" />
<Unit filename="app/src/app_mg/midi/app_midi_ctrl.c"><Option compilerVer="CC"/></Unit>
<Unit filename="app/src/app_mg/midi/app_midi_ctrl.h" />
<Unit filename="app/src/app_mg/midi/app_midi_ctrl_key.c"><Option compilerVer="CC"/></Unit>
<Unit filename="app/src/app_mg/midi/app_midi_key.c"><Option compilerVer="CC"/></Unit>
<Unit filename="app/src/app_mg/midi/midi_prog.h" />
<Unit filename="app/src/app_mg/music/app_music.c"><Option compilerVer="CC"/></Unit>
<Unit filename="app/src/app_mg/music/app_music.h" />
<Unit filename="app/src/app_mg/music/app_music_key.c"><Option compilerVer="CC"/></Unit>
<Unit filename="app/src/app_mg/poweroff/app_poweroff.c"><Option compilerVer="CC"/></Unit>
<Unit filename="app/src/app_mg/poweroff/app_poweroff.h" />
<Unit filename="app/src/app_mg/poweroff/app_poweroff_key.c"><Option compilerVer="CC"/></Unit>
<Unit filename="include_lib/asm_type.h" />
<Unit filename="include_lib/audio/audio.h" />
<Unit filename="include_lib/audio/audio_adc.h" />
<Unit filename="include_lib/audio/audio_analog.h" />
<Unit filename="include_lib/audio/dac.h" />
<Unit filename="include_lib/audio/dac_api.h" />
<Unit filename="include_lib/common/boot.h" />
<Unit filename="include_lib/common/circular_buf.h" />
<Unit filename="include_lib/common/common.h" />
<Unit filename="include_lib/common/config.h" />
<Unit filename="include_lib/common/crc16.h" />
<Unit filename="include_lib/common/debug.h" />
<Unit filename="include_lib/common/errno-base.h" />
<Unit filename="include_lib/common/includes.h" />
<Unit filename="include_lib/common/jiffies.h" />
<Unit filename="include_lib/common/my_malloc.h" />
<Unit filename="include_lib/common/printf.h" />
<Unit filename="include_lib/common/tab_read.h" />
<Unit filename="include_lib/common/vm.h" />
<Unit filename="include_lib/common/wdt.h" />
<Unit filename="include_lib/cpu/sh55/adc_drv.h" />
<Unit filename="include_lib/cpu/sh55/asm/power/p33.h" />
<Unit filename="include_lib/cpu/sh55/asm/power_interface.h" />
<Unit filename="include_lib/cpu/sh55/asm/usb.h" />
<Unit filename="include_lib/cpu/sh55/clock.h" />
<Unit filename="include_lib/cpu/sh55/cpu.h" />
<Unit filename="include_lib/cpu/sh55/csfr.h" />
<Unit filename="include_lib/cpu/sh55/dac_cpu.h" />
<Unit filename="include_lib/cpu/sh55/efuse.h" />
<Unit filename="include_lib/cpu/sh55/efuse_trim_value.h" />
<Unit filename="include_lib/cpu/sh55/gpio.h" />
<Unit filename="include_lib/cpu/sh55/hwi.h" />
<Unit filename="include_lib/cpu/sh55/irq.h" />
<Unit filename="include_lib/cpu/sh55/maskrom.h" />
<Unit filename="include_lib/cpu/sh55/sfr.h" />
<Unit filename="include_lib/cpu/sh55/typedef.h" />
<Unit filename="include_lib/cpu/sh55/uart.h" />
<Unit filename="include_lib/cpu/tick_timer_driver.h" />
<Unit filename="include_lib/decoder/MIDI_CTRL_API.h" />
<Unit filename="include_lib/decoder/MIDI_DEC_API.h" />
<Unit filename="include_lib/decoder/decoder_api.h" />
<Unit filename="include_lib/decoder/decoder_msg_tab.h" />
<Unit filename="include_lib/decoder/eq.h" />
<Unit filename="include_lib/decoder/if_decoder_ctrl.h" />
<Unit filename="include_lib/decoder/list/a_api.h" />
<Unit filename="include_lib/decoder/list/f1a_api.h" />
<Unit filename="include_lib/decoder/list/midi_api.h" />
<Unit filename="include_lib/decoder/list/midi_ctrl_api.h" />
<Unit filename="include_lib/decoder/list/mio_api.h" />
<Unit filename="include_lib/decoder/list/mp3_standard_api.h" />
<Unit filename="include_lib/decoder/list/ump3_api.h" />
<Unit filename="include_lib/decoder/list/wav_api.h" />
<Unit filename="include_lib/decoder/sine_play.h" />
<Unit filename="include_lib/decoder/sound_effect_api.h" />
<Unit filename="include_lib/decoder/speed_api.h" />
<Unit filename="include_lib/decoder/src_api.h" />
<Unit filename="include_lib/dev_mg/atomic.h" />
<Unit filename="include_lib/dev_mg/dev_manage.h" />
<Unit filename="include_lib/dev_mg/device.h" />
<Unit filename="include_lib/dev_mg/ioctl.h" />
<Unit filename="include_lib/dev_mg/ioctl_cmds.h" />
<Unit filename="include_lib/device/device_drive.h" />
<Unit filename="include_lib/device/ioctl.h" />
<Unit filename="include_lib/device/sdmmc/sd_host_api.h" />
<Unit filename="include_lib/device/usb/ch9.h" />
<Unit filename="include_lib/device/usb/device/msd.h" />
<Unit filename="include_lib/device/usb/device/usb_stack.h" />
<Unit filename="include_lib/device/usb/otg.h" />
<Unit filename="include_lib/device/usb/usb_phy.h" />
<Unit filename="include_lib/fs/fat/fat_resource.h" />
<Unit filename="include_lib/fs/fat/ff_opr.h" />
<Unit filename="include_lib/fs/fat/tff.h" />
<Unit filename="include_lib/fs/nor_fs/nor_fs.h" />
<Unit filename="include_lib/fs/sydf/sydf_resource.h" />
<Unit filename="include_lib/fs/sydf/sydfile.h" />
<Unit filename="include_lib/fs/vfs.h" />
<Unit filename="include_lib/msg/msg.h" />
</Project>
</CodeBlocks_project_file>
